
Microsoft Visual Studio Solution File, Format Version 12.00
# Visual Studio Version 16
VisualStudioVersion = 16.0.35229.62
MinimumVisualStudioVersion = 10.0.40219.1
Project("{FAE04EC0-301F-11D3-BF4B-00C04F79EFBC}") = "Practica LSP", "Practica LSP\Practica LSP.csproj", "{049EF729-6756-4207-8391-3948942CCD14}"
EndProject
Global
	GlobalSection(SolutionConfigurationPlatforms) = preSolution
		Debug|Any CPU = Debug|Any CPU
		Release|Any CPU = Release|Any CPU
	EndGlobalSection
	GlobalSection(ProjectConfigurationPlatforms) = postSolution
		{049EF729-6756-4207-8391-3948942CCD14}.Debug|Any CPU.ActiveCfg = Debug|Any CPU
		{049EF729-6756-4207-8391-3948942CCD14}.Debug|Any CPU.Build.0 = Debug|Any CPU
		{049EF729-6756-4207-8391-3948942CCD14}.Release|Any CPU.ActiveCfg = Release|Any CPU
		{049EF729-6756-4207-8391-3948942CCD14}.Release|Any CPU.Build.0 = Release|Any CPU
	EndGlobalSection
	GlobalSection(SolutionProperties) = preSolution
		HideSolutionNode = FALSE
	EndGlobalSection
	GlobalSection(ExtensibilityGlobals) = postSolution
		SolutionGuid = {77DAD114-E9B3-4B0B-96D9-D69B0035FA46}
	EndGlobalSection
EndGlobal
